
Microsoft Visual Studio Solution File, Format Version 12.00
# Visual Studio Version 17
VisualStudioVersion = 17.14.36511.14
MinimumVisualStudioVersion = 10.0.40219.1
Project("{2150E333-8FDC-42A3-9474-1A3956D46DE8}") = "src", "src", "{02EA681E-C7D8-13C7-8484-4AC65E1B71E8}"
EndProject
Project("{FAE04EC0-301F-11D3-BF4B-00C04F79EFBC}") = "CMD_ExtendedPropertiesExporter.App", "src\CMD_ExtendedPropertiesExporter.App\CMD_ExtendedPropertiesExporter.App.csproj", "{97215295-9DA5-4DBA-9CE1-C4395FB74355}"
EndProject
Project("{FAE04EC0-301F-11D3-BF4B-00C04F79EFBC}") = "CMD_ExtendedPropertiesExporter.Tests", "src\CMD_ExtendedPropertiesExporter.Tests\CMD_ExtendedPropertiesExporter.Tests.csproj", "{754B6D69-EC4E-42E1-BA8E-166865EB5975}"
EndProject
Global
	GlobalSection(SolutionConfigurationPlatforms) = preSolution
		Debug|Any CPU = Debug|Any CPU
		Debug|x64 = Debug|x64
		Debug|x86 = Debug|x86
		Release|Any CPU = Release|Any CPU
		Release|x64 = Release|x64
		Release|x86 = Release|x86
	EndGlobalSection
	GlobalSection(ProjectConfigurationPlatforms) = postSolution
		{97215295-9DA5-4DBA-9CE1-C4395FB74355}.Debug|Any CPU.ActiveCfg = Debug|Any CPU
		{97215295-9DA5-4DBA-9CE1-C4395FB74355}.Debug|Any CPU.Build.0 = Debug|Any CPU
		{97215295-9DA5-4DBA-9CE1-C4395FB74355}.Debug|x64.ActiveCfg = Debug|Any CPU
		{97215295-9DA5-4DBA-9CE1-C4395FB74355}.Debug|x64.Build.0 = Debug|Any CPU
		{97215295-9DA5-4DBA-9CE1-C4395FB74355}.Debug|x86.ActiveCfg = Debug|Any CPU
		{97215295-9DA5-4DBA-9CE1-C4395FB74355}.Debug|x86.Build.0 = Debug|Any CPU
		{97215295-9DA5-4DBA-9CE1-C4395FB74355}.Release|Any CPU.ActiveCfg = Release|Any CPU
		{97215295-9DA5-4DBA-9CE1-C4395FB74355}.Release|Any CPU.Build.0 = Release|Any CPU
		{97215295-9DA5-4DBA-9CE1-C4395FB74355}.Release|x64.ActiveCfg = Release|Any CPU
		{97215295-9DA5-4DBA-9CE1-C4395FB74355}.Release|x64.Build.0 = Release|Any CPU
		{97215295-9DA5-4DBA-9CE1-C4395FB74355}.Release|x86.ActiveCfg = Release|Any CPU
		{97215295-9DA5-4DBA-9CE1-C4395FB74355}.Release|x86.Build.0 = Release|Any CPU
		{754B6D69-EC4E-42E1-BA8E-166865EB5975}.Debug|Any CPU.ActiveCfg = Debug|Any CPU
		{754B6D69-EC4E-42E1-BA8E-166865EB5975}.Debug|Any CPU.Build.0 = Debug|Any CPU
		{754B6D69-EC4E-42E1-BA8E-166865EB5975}.Debug|x64.ActiveCfg = Debug|Any CPU
		{754B6D69-EC4E-42E1-BA8E-166865EB5975}.Debug|x64.Build.0 = Debug|Any CPU
		{754B6D69-EC4E-42E1-BA8E-166865EB5975}.Debug|x86.ActiveCfg = Debug|Any CPU
		{754B6D69-EC4E-42E1-BA8E-166865EB5975}.Debug|x86.Build.0 = Debug|Any CPU
		{754B6D69-EC4E-42E1-BA8E-166865EB5975}.Release|Any CPU.ActiveCfg = Release|Any CPU
		{754B6D69-EC4E-42E1-BA8E-166865EB5975}.Release|Any CPU.Build.0 = Release|Any CPU
		{754B6D69-EC4E-42E1-BA8E-166865EB5975}.Release|x64.ActiveCfg = Release|Any CPU
		{754B6D69-EC4E-42E1-BA8E-166865EB5975}.Release|x64.Build.0 = Release|Any CPU
		{754B6D69-EC4E-42E1-BA8E-166865EB5975}.Release|x86.ActiveCfg = Release|Any CPU
		{754B6D69-EC4E-42E1-BA8E-166865EB5975}.Release|x86.Build.0 = Release|Any CPU
	EndGlobalSection
	GlobalSection(SolutionProperties) = preSolution
		HideSolutionNode = FALSE
	EndGlobalSection
	GlobalSection(NestedProjects) = preSolution
		{97215295-9DA5-4DBA-9CE1-C4395FB74355} = {02EA681E-C7D8-13C7-8484-4AC65E1B71E8}
		{754B6D69-EC4E-42E1-BA8E-166865EB5975} = {02EA681E-C7D8-13C7-8484-4AC65E1B71E8}
	EndGlobalSection
	GlobalSection(ExtensibilityGlobals) = postSolution
		SolutionGuid = {AEDE28DA-4848-454F-BDBA-2E41D5942D1D}
	EndGlobalSection
EndGlobal
